# THIS IS AN AUTOGENERATED FILE. DO NOT EDIT THIS FILE DIRECTLY.
# yarn lockfile v1


"@ioredis/commands@^1.1.1":
  version "1.2.0"
  resolved "https://registry.yarnpkg.com/@ioredis/commands/-/commands-1.2.0.tgz#6d61b3097470af1fdbbe622795b8921d42018e11"
  integrity sha512-Sx1pU8EM64o2BrqNpEO1CNLtKQwyhuXuqyfH7oGKCk+1a33d2r5saW8zNwm3j6BTExtjrv2BxTgzzkMwts6vGg==

"@redis/bloom@1.2.0":
  version "1.2.0"
  resolved "https://registry.yarnpkg.com/@redis/bloom/-/bloom-1.2.0.tgz#d3fd6d3c0af3ef92f26767b56414a370c7b63b71"
  integrity sha512-HG2DFjYKbpNmVXsa0keLHp/3leGJz1mjh09f2RLGGLQZzSHpkmZWuwJbAvo3QcRY8p80m5+ZdXZdYOSBLlp7Cg==

"@redis/client@1.6.0":
  version "1.6.0"
  resolved "https://registry.yarnpkg.com/@redis/client/-/client-1.6.0.tgz#dcf4ae1319763db6fdddd6de7f0af68a352c30ea"
  integrity sha512-aR0uffYI700OEEH4gYnitAnv3vzVGXCFvYfdpu/CJKvk4pHfLPEy/JSZyrpQ+15WhXe1yJRXLtfQ84s4mEXnPg==
  dependencies:
    cluster-key-slot "1.1.2"
    generic-pool "3.9.0"
    yallist "4.0.0"

"@redis/graph@1.1.1":
  version "1.1.1"
  resolved "https://registry.yarnpkg.com/@redis/graph/-/graph-1.1.1.tgz#8c10df2df7f7d02741866751764031a957a170ea"
  integrity sha512-FEMTcTHZozZciLRl6GiiIB4zGm5z5F3F6a6FZCyrfxdKOhFlGkiAqlexWMBzCi4DcRoyiOsuLfW+cjlGWyExOw==

"@redis/json@1.0.7":
  version "1.0.7"
  resolved "https://registry.yarnpkg.com/@redis/json/-/json-1.0.7.tgz#016257fcd933c4cbcb9c49cde8a0961375c6893b"
  integrity sha512-6UyXfjVaTBTJtKNG4/9Z8PSpKE6XgSyEb8iwaqDcy+uKrd/DGYHTWkUdnQDyzm727V7p21WUMhsqz5oy65kPcQ==

"@redis/search@1.2.0":
  version "1.2.0"
  resolved "https://registry.yarnpkg.com/@redis/search/-/search-1.2.0.tgz#50976fd3f31168f585666f7922dde111c74567b8"
  integrity sha512-tYoDBbtqOVigEDMAcTGsRlMycIIjwMCgD8eR2t0NANeQmgK/lvxNAvYyb6bZDD4frHRhIHkJu2TBRvB0ERkOmw==

"@redis/time-series@1.1.0":
  version "1.1.0"
  resolved "https://registry.yarnpkg.com/@redis/time-series/-/time-series-1.1.0.tgz#cba454c05ec201bd5547aaf55286d44682ac8eb5"
  integrity sha512-c1Q99M5ljsIuc4YdaCwfUEXsofakb9c8+Zse2qxTadu8TalLXuAESzLvFAvNVbkmSlvlzIQOLpBCmWI9wTOt+g==

"@tirke/node-cache-manager-ioredis@^3.6.0":
  version "3.6.0"
  resolved "https://registry.yarnpkg.com/@tirke/node-cache-manager-ioredis/-/node-cache-manager-ioredis-3.6.0.tgz#d75d5b6d76aa530b9960ceb918c00d95bc263bbe"
  integrity sha512-PmTZ3M8mEo9qSrKJBPF3Bj47A6GIJ9LumnT1gDnbov2D4ZHn40Z77On4/sbSo8lAeKnGiJNyif9juT/IyLvVFQ==
  dependencies:
    ioredis "^5.2.2"

"@types/cache-manager@^4.0.6":
  version "4.0.6"
  resolved "https://registry.yarnpkg.com/@types/cache-manager/-/cache-manager-4.0.6.tgz#3ae154034ac9fd9f9aaffd65e14d95e0a83627c2"
  integrity sha512-8qL93MF05/xrzFm/LSPtzNEOE1eQF3VwGHAcQEylgp5hDSTe41jtFwbSYAPfyYcVa28y1vYSjIt0c1fLLUiC/Q==

async@1.5.2:
  version "1.5.2"
  resolved "https://registry.yarnpkg.com/async/-/async-1.5.2.tgz#ec6a61ae56480c0c3cb241c95618e20892f9672a"
  integrity sha512-nSVgobk4rv61R9PUSDtYt7mPVB2olxNR5RWJcAsH676/ef11bUZwvu7+RGYrYauVdDPcO519v68wRhXQtxsV9w==

bluebird@^3.4.6:
  version "3.7.2"
  resolved "https://registry.yarnpkg.com/bluebird/-/bluebird-3.7.2.tgz#9f229c15be272454ffa973ace0dbee79a1b0c36f"
  integrity sha512-XpNj6GDQzdfW+r2Wnn7xiSAd7TM3jzkxGXBGTtWKuSXv1xUV+azxAm8jdWZN06QTQk+2N2XB9jRDkvbmQmcRtg==

cache-manager-redis@^0.6.0:
  version "0.6.0"
  resolved "https://registry.yarnpkg.com/cache-manager-redis/-/cache-manager-redis-0.6.0.tgz#b364b8e855b287edae1b07780addb9bc9860ebce"
  integrity sha512-i7grsVyuIppLyzKAAHM48Eo2YX51+D++Pp1MQiX/9GCBVr3ofayiBpLrz/k/IUpaU9HUZ56P+v5Ee7yJRkfk/w==
  dependencies:
    cache-manager "^2.2.0"
    redis-url "^1.2.1"
    sol-redis-pool "^0.3.2"

cache-manager@^2.2.0:
  version "2.11.1"
  resolved "https://registry.yarnpkg.com/cache-manager/-/cache-manager-2.11.1.tgz#212e8c3db15288af653b029a1d9fe12f1fd9df61"
  integrity sha512-XhUuc9eYwkzpK89iNewFwtvcDYMUsvtwzHeyEOPJna/WsVsXcrzsA1ft2M0QqPNunEzLhNCYPo05tEfG+YuNow==
  dependencies:
    async "1.5.2"
    lodash.clonedeep "4.5.0"
    lru-cache "4.0.0"

cache-manager@^5.7.6:
  version "5.7.6"
  resolved "https://registry.yarnpkg.com/cache-manager/-/cache-manager-5.7.6.tgz#bdd8a154c73e5233824aa09ceb359ed225d37b7e"
  integrity sha512-wBxnBHjDxF1RXpHCBD6HGvKER003Ts7IIm0CHpggliHzN1RZditb7rXoduE1rplc2DEFYKxhLKgFuchXMJje9w==
  dependencies:
    eventemitter3 "^5.0.1"
    lodash.clonedeep "^4.5.0"
    lru-cache "^10.2.2"
    promise-coalesce "^1.1.2"

cluster-key-slot@1.1.2, cluster-key-slot@^1.1.0:
  version "1.1.2"
  resolved "https://registry.yarnpkg.com/cluster-key-slot/-/cluster-key-slot-1.1.2.tgz#88ddaa46906e303b5de30d3153b7d9fe0a0c19ac"
  integrity sha512-RMr0FhtfXemyinomL4hrWcYJxmX6deFdCxpJzhDttxgO1+bcCnkk+9drydLVDmAMG7NE6aN/fl4F7ucU/90gAA==

debug@^4.3.4:
  version "4.3.7"
  resolved "https://registry.yarnpkg.com/debug/-/debug-4.3.7.tgz#87945b4151a011d76d95a198d7111c865c360a52"
  integrity sha512-Er2nc/H7RrMXZBFCEim6TCmMk02Z8vLC2Rbi1KEBggpo0fS6l0S1nnapwmIi3yW/+GOJap1Krg4w0Hg80oCqgQ==
  dependencies:
    ms "^2.1.3"

denque@^2.1.0:
  version "2.1.0"
  resolved "https://registry.yarnpkg.com/denque/-/denque-2.1.0.tgz#e93e1a6569fb5e66f16a3c2a2964617d349d6ab1"
  integrity sha512-HVQE3AAb/pxF8fQAoiqpvg9i3evqug3hoiwakOyZAwJm+6vZehbkYXZ0l4JxS+I3QxM97v5aaRNhj8v5oBhekw==

eventemitter3@^5.0.1:
  version "5.0.1"
  resolved "https://registry.yarnpkg.com/eventemitter3/-/eventemitter3-5.0.1.tgz#53f5ffd0a492ac800721bb42c66b841de96423c4"
  integrity sha512-GWkBvjiSZK87ELrYOSESUYeVIc9mvLLf/nXalMOS5dYrgZq9o5OVkbZAVM06CVxYsCwH9BDZFPlQTlPA1j4ahA==

generic-pool@2.2.1:
  version "2.2.1"
  resolved "https://registry.yarnpkg.com/generic-pool/-/generic-pool-2.2.1.tgz#750ac994eca4e7f87f616e2adff0253f64659ad6"
  integrity sha512-nhvlRRwPMl04jnZOEB4Myh8NwNfWpgBbS2IXzdZBdTM7Udvw1/qSCzxd/9P4EanohUzTgNath7v7KQFlOd2W2Q==

generic-pool@3.9.0:
  version "3.9.0"
  resolved "https://registry.yarnpkg.com/generic-pool/-/generic-pool-3.9.0.tgz#36f4a678e963f4fdb8707eab050823abc4e8f5e4"
  integrity sha512-hymDOu5B53XvN4QT9dBmZxPX4CWhBPPLguTZ9MMFeFa/Kg0xWVfylOVNlJji/E7yTZWFd/q9GO5TxDLq156D7g==

ioredis@^5.2.2:
  version "5.4.1"
  resolved "https://registry.yarnpkg.com/ioredis/-/ioredis-5.4.1.tgz#1c56b70b759f01465913887375ed809134296f40"
  integrity sha512-2YZsvl7jopIa1gaePkeMtd9rAcSjOOjPtpcLlOeusyO+XH2SK5ZcT+UCrElPP+WVIInh2TzeI4XW9ENaSLVVHA==
  dependencies:
    "@ioredis/commands" "^1.1.1"
    cluster-key-slot "^1.1.0"
    debug "^4.3.4"
    denque "^2.1.0"
    lodash.defaults "^4.2.0"
    lodash.isarguments "^3.1.0"
    redis-errors "^1.2.0"
    redis-parser "^3.0.0"
    standard-as-callback "^2.1.0"

lodash.clonedeep@4.5.0, lodash.clonedeep@^4.5.0:
  version "4.5.0"
  resolved "https://registry.yarnpkg.com/lodash.clonedeep/-/lodash.clonedeep-4.5.0.tgz#e23f3f9c4f8fbdde872529c1071857a086e5ccef"
  integrity sha512-H5ZhCF25riFd9uB5UCkVKo61m3S/xZk1x4wA6yp/L3RFP6Z/eHH1ymQcGLo7J3GMPfm0V/7m1tryHuGVxpqEBQ==

lodash.defaults@^4.2.0:
  version "4.2.0"
  resolved "https://registry.yarnpkg.com/lodash.defaults/-/lodash.defaults-4.2.0.tgz#d09178716ffea4dde9e5fb7b37f6f0802274580c"
  integrity sha512-qjxPLHd3r5DnsdGacqOMU6pb/avJzdh9tFX2ymgoZE27BmjXrNy/y4LoaiTeAb+O3gL8AfpJGtqfX/ae2leYYQ==

lodash.isarguments@^3.1.0:
  version "3.1.0"
  resolved "https://registry.yarnpkg.com/lodash.isarguments/-/lodash.isarguments-3.1.0.tgz#2f573d85c6a24289ff00663b491c1d338ff3458a"
  integrity sha512-chi4NHZlZqZD18a0imDHnZPrDeBbTtVN7GXMwuGdRH9qotxAjYs3aVLKc7zNOG9eddR5Ksd8rvFEBc9SsggPpg==

lru-cache@4.0.0:
  version "4.0.0"
  resolved "https://registry.yarnpkg.com/lru-cache/-/lru-cache-4.0.0.tgz#b5cbf01556c16966febe54ceec0fb4dc90df6c28"
  integrity sha512-WKhDkjlLwzE8jAQdQlsxLUQTPXLCKX/4cJk6s5AlRtJkDBk0IKH5O51bVDH61K9N4bhbbyvLM6EiOuE8ovApPA==
  dependencies:
    pseudomap "^1.0.1"
    yallist "^2.0.0"

lru-cache@^10.2.2:
  version "10.4.3"
  resolved "https://registry.yarnpkg.com/lru-cache/-/lru-cache-10.4.3.tgz#410fc8a17b70e598013df257c2446b7f3383f119"
  integrity sha512-JNAzZcXrCt42VGLuYz0zfAzDfAvJWW6AfYlDBQyDV5DClI2m5sAmK+OIO7s59XfsRsWHp02jAJrRadPRGTt6SQ==

ms@^2.1.3:
  version "2.1.3"
  resolved "https://registry.yarnpkg.com/ms/-/ms-2.1.3.tgz#574c8138ce1d2b5861f0b44579dbadd60c6615b2"
  integrity sha512-6FlzubTLZG3J2a/NVCAleEhjzq5oxgHyaCU9yYXvcLsvoVaHJq/s5xXI6/XXP6tz7R9xAOtHnSO/tXtF3WRTlA==

promise-coalesce@^1.1.2:
  version "1.1.2"
  resolved "https://registry.yarnpkg.com/promise-coalesce/-/promise-coalesce-1.1.2.tgz#5d3bc4d0b2cf2e41e9df7cbeb6519b2a09459e3d"
  integrity sha512-zLaJ9b8hnC564fnJH6NFSOGZYYdzrAJn2JUUIwzoQb32fG2QAakpDNM+CZo1km6keXkRXRM+hml1BFAPVnPkxg==

pseudomap@^1.0.1:
  version "1.0.2"
  resolved "https://registry.yarnpkg.com/pseudomap/-/pseudomap-1.0.2.tgz#f052a28da70e618917ef0a8ac34c1ae5a68286b3"
  integrity sha512-b/YwNhb8lk1Zz2+bXXpS/LK9OisiZZ1SNsSLxN1x2OXVEhW2Ckr/7mWE5vrC1ZTiJlD9g19jWszTmJsB+oEpFQ==

redis-errors@^1.0.0, redis-errors@^1.2.0:
  version "1.2.0"
  resolved "https://registry.yarnpkg.com/redis-errors/-/redis-errors-1.2.0.tgz#eb62d2adb15e4eaf4610c04afe1529384250abad"
  integrity sha512-1qny3OExCf0UvUV/5wpYKf2YwPcOqXzkwKKSmKHiE6ZMQs5heeE/c8eXK+PNllPvmjgAbfnsbpkGZWy8cBpn9w==

redis-parser@^3.0.0:
  version "3.0.0"
  resolved "https://registry.yarnpkg.com/redis-parser/-/redis-parser-3.0.0.tgz#b66d828cdcafe6b4b8a428a7def4c6bcac31c8b4"
  integrity sha512-DJnGAeenTdpMEH6uAJRK/uiyEIH9WVsUmoLwzudwGJUwZPp80PDBWPHXSAGNPwNvIXAbe7MSUB1zQFugFml66A==
  dependencies:
    redis-errors "^1.0.0"

redis-url@^1.2.1:
  version "1.2.1"
  resolved "https://registry.yarnpkg.com/redis-url/-/redis-url-1.2.1.tgz#18670095a38e989d379359dd4c6e4abff85e2eb1"
  integrity sha512-KL+/sxJXNecWSpRZj4MhRFXkfzG9Mip62x5BDNLIaN87JtdyWHHbm09qGiSfMr5yjhKeHLju79hgSCoi1WcYRg==
  dependencies:
    redis ">= 0.0.1"

"redis@>= 0.0.1", "redis@>= 2.6.2":
  version "4.7.0"
  resolved "https://registry.yarnpkg.com/redis/-/redis-4.7.0.tgz#b401787514d25dd0cfc22406d767937ba3be55d6"
  integrity sha512-zvmkHEAdGMn+hMRXuMBtu4Vo5P6rHQjLoHftu+lBqq8ZTA3RCVC/WzD790bkKKiNFp7d5/9PcSD19fJyyRvOdQ==
  dependencies:
    "@redis/bloom" "1.2.0"
    "@redis/client" "1.6.0"
    "@redis/graph" "1.1.1"
    "@redis/json" "1.0.7"
    "@redis/search" "1.2.0"
    "@redis/time-series" "1.1.0"

sol-redis-pool@^0.3.2:
  version "0.3.3"
  resolved "https://registry.yarnpkg.com/sol-redis-pool/-/sol-redis-pool-0.3.3.tgz#a7111d6f8942413ba0ad4733566167052db74a6b"
  integrity sha512-sDXjqFOPVu/e3k0G0l7ECJ0V4Hm51ECyZYOPah1uYigJve3IUenj/y9tAw2o9mr4ORLbcMRIaw4ovn+RgXMnZA==
  dependencies:
    bluebird "^3.4.6"
    generic-pool "2.2.1"
    redis ">= 2.6.2"

standard-as-callback@^2.1.0:
  version "2.1.0"
  resolved "https://registry.yarnpkg.com/standard-as-callback/-/standard-as-callback-2.1.0.tgz#8953fc05359868a77b5b9739a665c5977bb7df45"
  integrity sha512-qoRRSyROncaz1z0mvYqIE4lCd9p2R90i6GxW3uZv5ucSu8tU7B5HXUP1gG8pVZsYNVaXjk8ClXHPttLyxAL48A==

yallist@4.0.0:
  version "4.0.0"
  resolved "https://registry.yarnpkg.com/yallist/-/yallist-4.0.0.tgz#9bb92790d9c0effec63be73519e11a35019a3a72"
  integrity sha512-3wdGidZyq5PB084XLES5TpOSRA3wjXAlIWMhum2kRcv/41Sn2emQ0dycQW4uZXLejwKvg6EsvbdlVL+FYEct7A==

yallist@^2.0.0:
  version "2.1.2"
  resolved "https://registry.yarnpkg.com/yallist/-/yallist-2.1.2.tgz#1c11f9218f076089a47dd512f93c6699a6a81d52"
  integrity sha512-ncTzHV7NvsQZkYe1DW7cbDLm0YpzHmZF5r/iyP3ZnQtMiJ+pjzisCiMNI+Sj+xQF5pXhSHxSB3uDbsBTzY/c2A==
